
Microsoft Visual Studio Solution File, Format Version 12.00
# Visual Studio Version 16
VisualStudioVersion = 16.0.30523.141
MinimumVisualStudioVersion = 10.0.40219.1
Project("{FAE04EC0-301F-11D3-BF4B-00C04F79EFBC}") = "LetsMakeADeal", "FinalProject\LetsMakeADeal.csproj", "{91D91F3D-977C-4B63-8E0E-C852EB8CA754}"
EndProject
Global
	GlobalSection(SolutionConfigurationPlatforms) = preSolution
		Debug|Any CPU = Debug|Any CPU
		Release|Any CPU = Release|Any CPU
	EndGlobalSection
	GlobalSection(ProjectConfigurationPlatforms) = postSolution
		{91D91F3D-977C-4B63-8E0E-C852EB8CA754}.Debug|Any CPU.ActiveCfg = Debug|Any CPU
		{91D91F3D-977C-4B63-8E0E-C852EB8CA754}.Debug|Any CPU.Build.0 = Debug|Any CPU
		{91D91F3D-977C-4B63-8E0E-C852EB8CA754}.Release|Any CPU.ActiveCfg = Release|Any CPU
		{91D91F3D-977C-4B63-8E0E-C852EB8CA754}.Release|Any CPU.Build.0 = Release|Any CPU
	EndGlobalSection
	GlobalSection(SolutionProperties) = preSolution
		HideSolutionNode = FALSE
	EndGlobalSection
	GlobalSection(ExtensibilityGlobals) = postSolution
		SolutionGuid = {A03C36FA-2C30-4EA3-90F7-5600A7DE502F}
	EndGlobalSection
EndGlobal
